
Microsoft Visual Studio Solution File, Format Version 12.00
# Visual Studio Version 16
VisualStudioVersion = 16.0.31702.278
MinimumVisualStudioVersion = 10.0.40219.1
Project("{FAE04EC0-301F-11D3-BF4B-00C04F79EFBC}") = "StateCencuse", "StateCencuse.csproj", "{AE0993E0-BE3D-413E-B2C2-F140F7B98E8B}"
EndProject
Global
	GlobalSection(SolutionConfigurationPlatforms) = preSolution
		Debug|Any CPU = Debug|Any CPU
		Release|Any CPU = Release|Any CPU
	EndGlobalSection
	GlobalSection(ProjectConfigurationPlatforms) = postSolution
		{AE0993E0-BE3D-413E-B2C2-F140F7B98E8B}.Debug|Any CPU.ActiveCfg = Debug|Any CPU
		{AE0993E0-BE3D-413E-B2C2-F140F7B98E8B}.Debug|Any CPU.Build.0 = Debug|Any CPU
		{AE0993E0-BE3D-413E-B2C2-F140F7B98E8B}.Release|Any CPU.ActiveCfg = Release|Any CPU
		{AE0993E0-BE3D-413E-B2C2-F140F7B98E8B}.Release|Any CPU.Build.0 = Release|Any CPU
	EndGlobalSection
	GlobalSection(SolutionProperties) = preSolution
		HideSolutionNode = FALSE
	EndGlobalSection
	GlobalSection(ExtensibilityGlobals) = postSolution
		SolutionGuid = {1AA19F1D-F267-4A92-A5A9-717F018654C2}
	EndGlobalSection
EndGlobal
